Microsoft Visual Studio Solution File, Format Version 10.00
# Visual Studio 2008
Project("{FAE04EC0-301F-11D3-BF4B-00C04F79EFBC}") = "StaticWeb", "StaticWeb\StaticWeb.csproj", "{DB1341CE-ED68-4D48-9978-8C148BDABB1B}"
EndProject
Project("{FAE04EC0-301F-11D3-BF4B-00C04F79EFBC}") = "ServerServices", "ServerServices\ServerServices.csproj", "{1E59AEE4-B594-41A8-90DF-690ABB6D37BB}"
EndProject
Project("{FAE04EC0-301F-11D3-BF4B-00C04F79EFBC}") = "ServerConsole", "ServerConsole\ServerConsole.csproj", "{171A18D1-1D95-4F5E-BF30-0A573F5E1ACC}"
EndProject
Project("{FAE04EC0-301F-11D3-BF4B-00C04F79EFBC}") = "WindowsServicesManagement", "WindowsServicesManagement\WindowsServicesManagement.csproj", "{30A78FE3-5210-43F8-BDD0-587D09A9FA92}"
EndProject
Project("{FAE04EC0-301F-11D3-BF4B-00C04F79EFBC}") = "Chat", "Chat\Chat.csproj", "{F4362E47-F7D6-4A7B-AC17-3EC12C966B5E}"
EndProject
Project("{FAE04EC0-301F-11D3-BF4B-00C04F79EFBC}") = "PHP", "PHP\PHP.csproj", "{9BA41979-8F84-400D-B05D-F9B7B0CFC301}"
EndProject
Project("{FAE04EC0-301F-11D3-BF4B-00C04F79EFBC}") = "PluginServices", "PlugInServices\PluginServices.csproj", "{438EFDA2-CB1D-4F8F-A646-A96E118B835D}"
EndProject
Project("{FAE04EC0-301F-11D3-BF4B-00C04F79EFBC}") = "ServerGui", "ServerGui\ServerGui.csproj", "{583C001E-9937-470C-81BE-160F4E26FC85}"
EndProject
Project("{54435603-DBB4-11D2-8724-00A0C9A8B90C}") = "Setup", "Setup\Setup.vdproj", "{2623CC32-D67D-4572-AF91-31B2B9CD613D}"
EndProject
Project("{FAE04EC0-301F-11D3-BF4B-00C04F79EFBC}") = "AutoRun", "AutoRun\AutoRun.csproj", "{E38040B2-A8F8-4CCA-97B6-66A6DA901B2E}"
EndProject
Global
	GlobalSection(SolutionConfigurationPlatforms) = preSolution
		Debug|Any CPU = Debug|Any CPU
		Release|Any CPU = Release|Any CPU
	EndGlobalSection
	GlobalSection(ProjectConfigurationPlatforms) = postSolution
		{DB1341CE-ED68-4D48-9978-8C148BDABB1B}.Debug|Any CPU.ActiveCfg = Debug|Any CPU
		{DB1341CE-ED68-4D48-9978-8C148BDABB1B}.Debug|Any CPU.Build.0 = Debug|Any CPU
		{DB1341CE-ED68-4D48-9978-8C148BDABB1B}.Release|Any CPU.ActiveCfg = Release|Any CPU
		{DB1341CE-ED68-4D48-9978-8C148BDABB1B}.Release|Any CPU.Build.0 = Release|Any CPU
		{1E59AEE4-B594-41A8-90DF-690ABB6D37BB}.Debug|Any CPU.ActiveCfg = Debug|Any CPU
		{1E59AEE4-B594-41A8-90DF-690ABB6D37BB}.Debug|Any CPU.Build.0 = Debug|Any CPU
		{1E59AEE4-B594-41A8-90DF-690ABB6D37BB}.Release|Any CPU.ActiveCfg = Release|Any CPU
		{1E59AEE4-B594-41A8-90DF-690ABB6D37BB}.Release|Any CPU.Build.0 = Release|Any CPU
		{171A18D1-1D95-4F5E-BF30-0A573F5E1ACC}.Debug|Any CPU.ActiveCfg = Debug|Any CPU
		{171A18D1-1D95-4F5E-BF30-0A573F5E1ACC}.Debug|Any CPU.Build.0 = Debug|Any CPU
		{171A18D1-1D95-4F5E-BF30-0A573F5E1ACC}.Release|Any CPU.ActiveCfg = Release|Any CPU
		{171A18D1-1D95-4F5E-BF30-0A573F5E1ACC}.Release|Any CPU.Build.0 = Release|Any CPU
		{30A78FE3-5210-43F8-BDD0-587D09A9FA92}.Debug|Any CPU.ActiveCfg = Debug|Any CPU
		{30A78FE3-5210-43F8-BDD0-587D09A9FA92}.Debug|Any CPU.Build.0 = Debug|Any CPU
		{30A78FE3-5210-43F8-BDD0-587D09A9FA92}.Release|Any CPU.ActiveCfg = Release|Any CPU
		{30A78FE3-5210-43F8-BDD0-587D09A9FA92}.Release|Any CPU.Build.0 = Release|Any CPU
		{F4362E47-F7D6-4A7B-AC17-3EC12C966B5E}.Debug|Any CPU.ActiveCfg = Debug|Any CPU
		{F4362E47-F7D6-4A7B-AC17-3EC12C966B5E}.Debug|Any CPU.Build.0 = Debug|Any CPU
		{F4362E47-F7D6-4A7B-AC17-3EC12C966B5E}.Release|Any CPU.ActiveCfg = Release|Any CPU
		{F4362E47-F7D6-4A7B-AC17-3EC12C966B5E}.Release|Any CPU.Build.0 = Release|Any CPU
		{9BA41979-8F84-400D-B05D-F9B7B0CFC301}.Debug|Any CPU.ActiveCfg = Debug|Any CPU
		{9BA41979-8F84-400D-B05D-F9B7B0CFC301}.Debug|Any CPU.Build.0 = Debug|Any CPU
		{9BA41979-8F84-400D-B05D-F9B7B0CFC301}.Release|Any CPU.ActiveCfg = Release|Any CPU
		{9BA41979-8F84-400D-B05D-F9B7B0CFC301}.Release|Any CPU.Build.0 = Release|Any CPU
		{438EFDA2-CB1D-4F8F-A646-A96E118B835D}.Debug|Any CPU.ActiveCfg = Debug|Any CPU
		{438EFDA2-CB1D-4F8F-A646-A96E118B835D}.Debug|Any CPU.Build.0 = Debug|Any CPU
		{438EFDA2-CB1D-4F8F-A646-A96E118B835D}.Release|Any CPU.ActiveCfg = Release|Any CPU
		{438EFDA2-CB1D-4F8F-A646-A96E118B835D}.Release|Any CPU.Build.0 = Release|Any CPU
		{583C001E-9937-470C-81BE-160F4E26FC85}.Debug|Any CPU.ActiveCfg = Debug|Any CPU
		{583C001E-9937-470C-81BE-160F4E26FC85}.Debug|Any CPU.Build.0 = Debug|Any CPU
		{583C001E-9937-470C-81BE-160F4E26FC85}.Release|Any CPU.ActiveCfg = Release|Any CPU
		{583C001E-9937-470C-81BE-160F4E26FC85}.Release|Any CPU.Build.0 = Release|Any CPU
		{2623CC32-D67D-4572-AF91-31B2B9CD613D}.Debug|Any CPU.ActiveCfg = Debug
		{2623CC32-D67D-4572-AF91-31B2B9CD613D}.Release|Any CPU.ActiveCfg = Release
		{E38040B2-A8F8-4CCA-97B6-66A6DA901B2E}.Debug|Any CPU.ActiveCfg = Debug|Any CPU
		{E38040B2-A8F8-4CCA-97B6-66A6DA901B2E}.Debug|Any CPU.Build.0 = Debug|Any CPU
		{E38040B2-A8F8-4CCA-97B6-66A6DA901B2E}.Release|Any CPU.ActiveCfg = Release|Any CPU
		{E38040B2-A8F8-4CCA-97B6-66A6DA901B2E}.Release|Any CPU.Build.0 = Release|Any CPU
	EndGlobalSection
	GlobalSection(SolutionProperties) = preSolution
		HideSolutionNode = FALSE
	EndGlobalSection
EndGlobal
